
Microsoft Visual Studio Solution File, Format Version 12.00
# Visual Studio Version 16
VisualStudioVersion = 16.0.29209.62
MinimumVisualStudioVersion = 10.0.40219.1
Project("{8BC9CEB8-8B4A-11D0-8D11-00A0C91BC942}") = "LJ1", "LJ1.vcxproj", "{E27E5A96-6F76-453E-8732-D948CD2DCB90}"
	ProjectSection(ProjectDependencies) = postProject
		{DCC8AF27-F2D4-4AF1-A39B-E30C95A15FAF} = {DCC8AF27-F2D4-4AF1-A39B-E30C95A15FAF}
	EndProjectSection
EndProject
Project("{8BC9CEB8-8B4A-11D0-8D11-00A0C91BC942}") = "LockdownEngine", "Engine_LJ1\LockdownEngine.vcxproj", "{DCC8AF27-F2D4-4AF1-A39B-E30C95A15FAF}"
EndProject
Global
	GlobalSection(SolutionConfigurationPlatforms) = preSolution
		Debug|x64 = Debug|x64
		Release|x64 = Release|x64
	EndGlobalSection
	GlobalSection(ProjectConfigurationPlatforms) = postSolution
		{E27E5A96-6F76-453E-8732-D948CD2DCB90}.Debug|x64.ActiveCfg = Debug|x64
		{E27E5A96-6F76-453E-8732-D948CD2DCB90}.Debug|x64.Build.0 = Debug|x64
		{E27E5A96-6F76-453E-8732-D948CD2DCB90}.Release|x64.ActiveCfg = Release|x64
		{E27E5A96-6F76-453E-8732-D948CD2DCB90}.Release|x64.Build.0 = Release|x64
		{DCC8AF27-F2D4-4AF1-A39B-E30C95A15FAF}.Debug|x64.ActiveCfg = Debug|x64
		{DCC8AF27-F2D4-4AF1-A39B-E30C95A15FAF}.Debug|x64.Build.0 = Debug|x64
		{DCC8AF27-F2D4-4AF1-A39B-E30C95A15FAF}.Release|x64.ActiveCfg = Release|x64
		{DCC8AF27-F2D4-4AF1-A39B-E30C95A15FAF}.Release|x64.Build.0 = Release|x64
	EndGlobalSection
	GlobalSection(SolutionProperties) = preSolution
		HideSolutionNode = FALSE
	EndGlobalSection
	GlobalSection(ExtensibilityGlobals) = postSolution
		SolutionGuid = {C044D07B-E177-4CEE-9FAD-7C2147B49E7A}
	EndGlobalSection
EndGlobal
