<?xml version="1.0" encoding="utf-8"?>
<Project ToolsVersion="4.0" xmlns="http://schemas.microsoft.com/developer/msbuild/2003">
  <ItemGroup>
    <Filter Include="Headers">
      <UniqueIdentifier>{db0e1bbd-a70c-4d7a-af60-2969c0c5ec93}</UniqueIdentifier>
    </Filter>
    <Filter Include="C++ Files">
      <UniqueIdentifier>{8123cb0a-8b1d-4196-8d6a-4e84706f9b7c}</UniqueIdentifier>
    </Filter>
  </ItemGroup>
  <ItemGroup>
    <ClInclude Include="ShadowGame.h">
      <Filter>Headers</Filter>
    </ClInclude>
    <ClInclude Include="City.h">
      <Filter>Headers</Filter>
    </ClInclude>
  </ItemGroup>
  <ItemGroup>
    <ClCompile Include="main.cpp">
      <Filter>C++ Files</Filter>
    </ClCompile>
    <ClCompile Include="ShadowGame.cpp">
      <Filter>C++ Files</Filter>
    </ClCompile>
  </ItemGroup>
</Project>